
Microsoft Visual Studio Solution File, Format Version 12.00
# Visual Studio 2015
Project("{FAE04EC0-301F-11D3-BF4B-00C04F79EFBC}") = "Dotinga! RPG", "Dotinga! RPG.csproj", "{94A708D1-82EF-46DA-6215-A5EC62163639}"
EndProject
Global
	GlobalSection(SolutionConfigurationPlatforms) = preSolution
		Debug|Any CPU = Debug|Any CPU
		Release|Any CPU = Release|Any CPU
	EndGlobalSection
	GlobalSection(ProjectConfigurationPlatforms) = postSolution
		{94A708D1-82EF-46DA-6215-A5EC62163639}.Debug|Any CPU.ActiveCfg = Debug|Any CPU
		{94A708D1-82EF-46DA-6215-A5EC62163639}.Debug|Any CPU.Build.0 = Debug|Any CPU
		{94A708D1-82EF-46DA-6215-A5EC62163639}.Release|Any CPU.ActiveCfg = Release|Any CPU
		{94A708D1-82EF-46DA-6215-A5EC62163639}.Release|Any CPU.Build.0 = Release|Any CPU
	EndGlobalSection
	GlobalSection(SolutionProperties) = preSolution
		HideSolutionNode = FALSE
	EndGlobalSection
EndGlobal
